
Microsoft Visual Studio Solution File, Format Version 12.00
# Visual Studio 14
VisualStudioVersion = 14.0.25420.1
MinimumVisualStudioVersion = 10.0.40219.1
Project("{FAE04EC0-301F-11D3-BF4B-00C04F79EFBC}") = "ShowJSON", "ShowJSON\ShowJSON.csproj", "{EA7AD425-701B-401B-A9EA-A7C3585B2BAC}"
EndProject
Global
	GlobalSection(SolutionConfigurationPlatforms) = preSolution
		Debug|Any CPU = Debug|Any CPU
		Release|Any CPU = Release|Any CPU
	EndGlobalSection
	GlobalSection(ProjectConfigurationPlatforms) = postSolution
		{EA7AD425-701B-401B-A9EA-A7C3585B2BAC}.Debug|Any CPU.ActiveCfg = Debug|Any CPU
		{EA7AD425-701B-401B-A9EA-A7C3585B2BAC}.Debug|Any CPU.Build.0 = Debug|Any CPU
		{EA7AD425-701B-401B-A9EA-A7C3585B2BAC}.Release|Any CPU.ActiveCfg = Release|Any CPU
		{EA7AD425-701B-401B-A9EA-A7C3585B2BAC}.Release|Any CPU.Build.0 = Release|Any CPU
	EndGlobalSection
	GlobalSection(SolutionProperties) = preSolution
		HideSolutionNode = FALSE
	EndGlobalSection
EndGlobal
